
Microsoft Visual Studio Solution File, Format Version 12.00
# Visual Studio Version 17
VisualStudioVersion = 17.12.35527.113 d17.12
MinimumVisualStudioVersion = 10.0.40219.1
Project("{FAE04EC0-301F-11D3-BF4B-00C04F79EFBC}") = "VueApp1.Server", "VueApp1.Server\VueApp1.Server.csproj", "{8032A45B-2F6F-40FF-9FB2-1575C24CD1E0}"
EndProject
Project("{54A90642-561A-4BB1-A94E-469ADEE60C69}") = "vueapp1.client", "vueapp1.client\vueapp1.client.esproj", "{3676739F-554C-4840-BC67-1C92B83FF8B8}"
EndProject
Global
	GlobalSection(SolutionConfigurationPlatforms) = preSolution
		Debug|Any CPU = Debug|Any CPU
		Release|Any CPU = Release|Any CPU
	EndGlobalSection
	GlobalSection(ProjectConfigurationPlatforms) = postSolution
		{8032A45B-2F6F-40FF-9FB2-1575C24CD1E0}.Debug|Any CPU.ActiveCfg = Debug|Any CPU
		{8032A45B-2F6F-40FF-9FB2-1575C24CD1E0}.Debug|Any CPU.Build.0 = Debug|Any CPU
		{8032A45B-2F6F-40FF-9FB2-1575C24CD1E0}.Release|Any CPU.ActiveCfg = Release|Any CPU
		{8032A45B-2F6F-40FF-9FB2-1575C24CD1E0}.Release|Any CPU.Build.0 = Release|Any CPU
		{3676739F-554C-4840-BC67-1C92B83FF8B8}.Debug|Any CPU.ActiveCfg = Debug|Any CPU
		{3676739F-554C-4840-BC67-1C92B83FF8B8}.Debug|Any CPU.Build.0 = Debug|Any CPU
		{3676739F-554C-4840-BC67-1C92B83FF8B8}.Debug|Any CPU.Deploy.0 = Debug|Any CPU
		{3676739F-554C-4840-BC67-1C92B83FF8B8}.Release|Any CPU.ActiveCfg = Release|Any CPU
		{3676739F-554C-4840-BC67-1C92B83FF8B8}.Release|Any CPU.Build.0 = Release|Any CPU
		{3676739F-554C-4840-BC67-1C92B83FF8B8}.Release|Any CPU.Deploy.0 = Release|Any CPU
	EndGlobalSection
	GlobalSection(SolutionProperties) = preSolution
		HideSolutionNode = FALSE
	EndGlobalSection
EndGlobal
